// !$*UTF8*$!
{
	archiveVersion = 1;
	classes = {
	};
	objectVersion = 56;
	objects = {

/* Begin PBXBuildFile section */
		BD123CC82A2CCAC4006B5744 /* YellowViewController.swift in Sources */ = {isa = PBXBuildFile; fileRef = BD123CC72A2CCAC4006B5744 /* YellowViewController.swift */; };
		BD123CCC2A2CCC6C006B5744 /* GreenViewController.swift in Sources */ = {isa = PBXBuildFile; fileRef = BD123CCB2A2CCC6C006B5744 /* GreenViewController.swift */; };
		BD123CCE2A2CCCF9006B5744 /* BlueViewController.swift in Sources */ = {isa = PBXBuildFile; fileRef = BD123CCD2A2CCCF9006B5744 /* BlueViewController.swift */; };
		BD123CD02A2CCD40006B5744 /* PurpleViewController.swift in Sources */ = {isa = PBXBuildFile; fileRef = BD123CCF2A2CCD40006B5744 /* PurpleViewController.swift */; };
		BD123CD22A2CCDEC006B5744 /* OrangeViewController.swift in Sources */ = {isa = PBXBuildFile; fileRef = BD123CD12A2CCDEC006B5744 /* OrangeViewController.swift */; };
		BD860B872A2B70C600A0751C /* AppDelegate.swift in Sources */ = {isa = PBXBuildFile; fileRef = BD860B862A2B70C600A0751C /* AppDelegate.swift */; };
		BD860B892A2B70C600A0751C /* SceneDelegate.swift in Sources */ = {isa = PBXBuildFile; fileRef = BD860B882A2B70C600A0751C /* SceneDelegate.swift */; };
		BD860B8B2A2B70C600A0751C /* RedViewController.swift in Sources */ = {isa = PBXBuildFile; fileRef = BD860B8A2A2B70C600A0751C /* RedViewController.swift */; };
		BD860B8E2A2B70C600A0751C /* Main.storyboard in Resources */ = {isa = PBXBuildFile; fileRef = BD860B8C2A2B70C600A0751C /* Main.storyboard */; };
		BD860B912A2B70C600A0751C /* Rainbow_Tabs.xcdatamodeld in Sources */ = {isa = PBXBuildFile; fileRef = BD860B8F2A2B70C600A0751C /* Rainbow_Tabs.xcdatamodeld */; };
		BD860B932A2B70C700A0751C /* Assets.xcassets in Resources */ = {isa = PBXBuildFile; fileRef = BD860B922A2B70C700A0751C /* Assets.xcassets */; };
		BD860B962A2B70C700A0751C /* LaunchScreen.storyboard in Resources */ = {isa = PBXBuildFile; fileRef = BD860B942A2B70C700A0751C /* LaunchScreen.storyboard */; };
/* End PBXBuildFile section */

/* Begin PBXFileReference section */
		BD123CC72A2CCAC4006B5744 /* YellowViewController.swift */ = {isa = PBXFileReference; lastKnownFileType = sourcecode.swift; path = YellowViewController.swift; sourceTree = "<group>"; };
		BD123CCB2A2CCC6C006B5744 /* GreenViewController.swift */ = {isa = PBXFileReference; lastKnownFileType = sourcecode.swift; path = GreenViewController.swift; sourceTree = "<group>"; };
		BD123CCD2A2CCCF9006B5744 /* BlueViewController.swift */ = {isa = PBXFileReference; lastKnownFileType = sourcecode.swift; path = BlueViewController.swift; sourceTree = "<group>"; };
		BD123CCF2A2CCD40006B5744 /* PurpleViewController.swift */ = {isa = PBXFileReference; lastKnownFileType = sourcecode.swift; path = PurpleViewController.swift; sourceTree = "<group>"; };
		BD123CD12A2CCDEC006B5744 /* OrangeViewController.swift */ = {isa = PBXFileReference; lastKnownFileType = sourcecode.swift; path = OrangeViewController.swift; sourceTree = "<group>"; };
		BD860B832A2B70C600A0751C /* Rainbow Tabs.app */ = {isa = PBXFileReference; explicitFileType = wrapper.application; includeInIndex = 0; path = "Rainbow Tabs.app"; sourceTree = BUILT_PRODUCTS_DIR; };
		BD860B862A2B70C600A0751C /* AppDelegate.swift */ = {isa = PBXFileReference; lastKnownFileType = sourcecode.swift; path = AppDelegate.swift; sourceTree = "<group>"; };
		BD860B882A2B70C600A0751C /* SceneDelegate.swift */ = {isa = PBXFileReference; lastKnownFileType = sourcecode.swift; path = SceneDelegate.swift; sourceTree = "<group>"; };
		BD860B8A2A2B70C600A0751C /* RedViewController.swift */ = {isa = PBXFileReference; lastKnownFileType = sourcecode.swift; path = RedViewController.swift; sourceTree = "<group>"; };
		BD860B8D2A2B70C600A0751C /* Base */ = {isa = PBXFileReference; lastKnownFileType = file.storyboard; name = Base; path = Base.lproj/Main.storyboard; sourceTree = "<group>"; };
		BD860B902A2B70C600A0751C /* Rainbow_Tabs.xcdatamodel */ = {isa = PBXFileReference; lastKnownFileType = wrapper.xcdatamodel; path = Rainbow_Tabs.xcdatamodel; sourceTree = "<group>"; };
		BD860B922A2B70C700A0751C /* Assets.xcassets */ = {isa = PBXFileReference; lastKnownFileType = folder.assetcatalog; path = Assets.xcassets; sourceTree = "<group>"; };
		BD860B952A2B70C700A0751C /* Base */ = {isa = PBXFileReference; lastKnownFileType = file.storyboard; name = Base; path = Base.lproj/LaunchScreen.storyboard; sourceTree = "<group>"; };
		BD860B972A2B70C700A0751C /* Info.plist */ = {isa = PBXFileReference; lastKnownFileType = text.plist.xml; path = Info.plist; sourceTree = "<group>"; };
/* End PBXFileReference section */

/* Begin PBXFrameworksBuildPhase section */
		BD860B802A2B70C600A0751C /* Frameworks */ = {
			isa = PBXFrameworksBuildPhase;
			buildActionMask = 2147483647;
			files = (
			);
			runOnlyForDeploymentPostprocessing = 0;
		};
/* End PBXFrameworksBuildPhase section */

/* Begin PBXGroup section */
		BD860B7A2A2B70C600A0751C = {
			isa = PBXGroup;
			children = (
				BD860B852A2B70C600A0751C /* Rainbow Tabs */,
				BD860B842A2B70C600A0751C /* Products */,
			);
			sourceTree = "<group>";
		};
		BD860B842A2B70C600A0751C /* Products */ = {
			isa = PBXGroup;
			children = (
				BD860B832A2B70C600A0751C /* Rainbow Tabs.app */,
			);
			name = Products;
			sourceTree = "<group>";
		};
		BD860B852A2B70C600A0751C /* Rainbow Tabs */ = {
			isa = PBXGroup;
			children = (
				BD860B862A2B70C600A0751C /* AppDelegate.swift */,
				BD860B882A2B70C600A0751C /* SceneDelegate.swift */,
				BD860B8A2A2B70C600A0751C /* RedViewController.swift */,
				BD123CD12A2CCDEC006B5744 /* OrangeViewController.swift */,
				BD123CC72A2CCAC4006B5744 /* YellowViewController.swift */,
				BD123CCB2A2CCC6C006B5744 /* GreenViewController.swift */,
				BD123CCD2A2CCCF9006B5744 /* BlueViewController.swift */,
				BD123CCF2A2CCD40006B5744 /* PurpleViewController.swift */,
				BD860B8C2A2B70C600A0751C /* Main.storyboard */,
				BD860B922A2B70C700A0751C /* Assets.xcassets */,
				BD860B942A2B70C700A0751C /* LaunchScreen.storyboard */,
				BD860B972A2B70C700A0751C /* Info.plist */,
				BD860B8F2A2B70C600A0751C /* Rainbow_Tabs.xcdatamodeld */,
			);
			path = "Rainbow Tabs";
			sourceTree = "<group>";
		};
/* End PBXGroup section */

/* Begin PBXNativeTarget section */
		BD860B822A2B70C600A0751C /* Rainbow Tabs */ = {
			isa = PBXNativeTarget;
			buildConfigurationList = BD860B9A2A2B70C700A0751C /* Build configuration list for PBXNativeTarget "Rainbow Tabs" */;
			buildPhases = (
				BD860B7F2A2B70C600A0751C /* Sources */,
				BD860B802A2B70C600A0751C /* Frameworks */,
				BD860B812A2B70C600A0751C /* Resources */,
			);
			buildRules = (
			);
			dependencies = (
			);
			name = "Rainbow Tabs";
			productName = "Rainbow Tabs";
			productReference = BD860B832A2B70C600A0751C /* Rainbow Tabs.app */;
			productType = "com.apple.product-type.application";
		};
/* End PBXNativeTarget section */

/* Begin PBXProject section */
		BD860B7B2A2B70C600A0751C /* Project object */ = {
			isa = PBXProject;
			attributes = {
				BuildIndependentTargetsInParallel = 1;
				LastSwiftUpdateCheck = 1430;
				LastUpgradeCheck = 1430;
				TargetAttributes = {
					BD860B822A2B70C600A0751C = {
						CreatedOnToolsVersion = 14.3;
					};
				};
			};
			buildConfigurationList = BD860B7E2A2B70C600A0751C /* Build configuration list for PBXProject "Rainbow Tabs" */;
			compatibilityVersion = "Xcode 14.0";
			developmentRegion = en;
			hasScannedForEncodings = 0;
			knownRegions = (
				en,
				Base,
			);
			mainGroup = BD860B7A2A2B70C600A0751C;
			productRefGroup = BD860B842A2B70C600A0751C /* Products */;
			projectDirPath = "";
			projectRoot = "";
			targets = (
				BD860B822A2B70C600A0751C /* Rainbow Tabs */,
			);
		};
/* End PBXProject section */

/* Begin PBXResourcesBuildPhase section */
		BD860B812A2B70C600A0751C /* Resources */ = {
			isa = PBXResourcesBuildPhase;
			buildActionMask = 2147483647;
			files = (
				BD860B962A2B70C700A0751C /* LaunchScreen.storyboard in Resources */,
				BD860B932A2B70C700A0751C /* Assets.xcassets in Resources */,
				BD860B8E2A2B70C600A0751C /* Main.storyboard in Resources */,
			);
			runOnlyForDeploymentPostprocessing = 0;
		};
/* End PBXResourcesBuildPhase section */

/* Begin PBXSourcesBuildPhase section */
		BD860B7F2A2B70C600A0751C /* Sources */ = {
			isa = PBXSourcesBuildPhase;
			buildActionMask = 2147483647;
			files = (
				BD123CC82A2CCAC4006B5744 /* YellowViewController.swift in Sources */,
				BD860B912A2B70C600A0751C /* Rainbow_Tabs.xcdatamodeld in Sources */,
				BD123CD02A2CCD40006B5744 /* PurpleViewController.swift in Sources */,
				BD123CCE2A2CCCF9006B5744 /* BlueViewController.swift in Sources */,
				BD860B8B2A2B70C600A0751C /* RedViewController.swift in Sources */,
				BD123CD22A2CCDEC006B5744 /* OrangeViewController.swift in Sources */,
				BD860B872A2B70C600A0751C /* AppDelegate.swift in Sources */,
				BD860B892A2B70C600A0751C /* SceneDelegate.swift in Sources */,
				BD123CCC2A2CCC6C006B5744 /* GreenViewController.swift in Sources */,
			);
			runOnlyForDeploymentPostprocessing = 0;
		};
/* End PBXSourcesBuildPhase section */

/* Begin PBXVariantGroup section */
		BD860B8C2A2B70C600A0751C /* Main.storyboard */ = {
			isa = PBXVariantGroup;
			children = (
				BD860B8D2A2B70C600A0751C /* Base */,
			);
			name = Main.storyboard;
			sourceTree = "<group>";
		};
		BD860B942A2B70C700A0751C /* LaunchScreen.storyboard */ = {
			isa = PBXVariantGroup;
			children = (
				BD860B952A2B70C700A0751C /* Base */,
			);
			name = LaunchScreen.storyboard;
			sourceTree = "<group>";
		};
/* End PBXVariantGroup section */

/* Begin XCBuildConfiguration section */
		BD860B982A2B70C700A0751C /* Debug */ = {
			isa = XCBuildConfiguration;
			buildSettings = {
				ALWAYS_SEARCH_USER_PATHS = NO;
				CLANG_ANALYZER_NONNULL = YES;
				CLANG_ANALYZER_NUMBER_OBJECT_CONVERSION = YES_AGGRESSIVE;
				CLANG_CXX_LANGUAGE_STANDARD = "gnu++20";
				CLANG_ENABLE_MODULES = YES;
				CLANG_ENABLE_OBJC_ARC = YES;
				CLANG_ENABLE_OBJC_WEAK = YES;
				CLANG_WARN_BLOCK_CAPTURE_AUTORELEASING = YES;
				CLANG_WARN_BOOL_CONVERSION = YES;
				CLANG_WARN_COMMA = YES;
				CLANG_WARN_CONSTANT_CONVERSION = YES;
				CLANG_WARN_DEPRECATED_OBJC_IMPLEMENTATIONS = YES;
				CLANG_WARN_DIRECT_OBJC_ISA_USAGE = YES_ERROR;
				CLANG_WARN_DOCUMENTATION_COMMENTS = YES;
				CLANG_WARN_EMPTY_BODY = YES;
				CLANG_WARN_ENUM_CONVERSION = YES;
				CLANG_WARN_INFINITE_RECURSION = YES;
				CLANG_WARN_INT_CONVERSION = YES;
				CLANG_WARN_NON_LITERAL_NULL_CONVERSION = YES;
				CLANG_WARN_OBJC_IMPLICIT_RETAIN_SELF = YES;
				CLANG_WARN_OBJC_LITERAL_CONVERSION = YES;
				CLANG_WARN_OBJC_ROOT_CLASS = YES_ERROR;
				CLANG_WARN_QUOTED_INCLUDE_IN_FRAMEWORK_HEADER = YES;
				CLANG_WARN_RANGE_LOOP_ANALYSIS = YES;
				CLANG_WARN_STRICT_PROTOTYPES = YES;
				CLANG_WARN_SUSPICIOUS_MOVE = YES;
				CLANG_WARN_UNGUARDED_AVAILABILITY = YES_AGGRESSIVE;
				CLANG_WARN_UNREACHABLE_CODE = YES;
				CLANG_WARN__DUPLICATE_METHOD_MATCH = YES;
				COPY_PHASE_STRIP = NO;
				DEBUG_INFORMATION_FORMAT = dwarf;
				ENABLE_STRICT_OBJC_MSGSEND = YES;
				ENABLE_TESTABILITY = YES;
				GCC_C_LANGUAGE_STANDARD = gnu11;
				GCC_DYNAMIC_NO_PIC = NO;
				GCC_NO_COMMON_BLOCKS = YES;
				GCC_OPTIMIZATION_LEVEL = 0;
				GCC_PREPROCESSOR_DEFINITIONS = (
					"DEBUG=1",
					"$(inherited)",
				);
				GCC_WARN_64_TO_32_BIT_CONVERSION = YES;
				GCC_WARN_ABOUT_RETURN_TYPE = YES_ERROR;
				GCC_WARN_UNDECLARED_SELECTOR = YES;
				GCC_WARN_UNINITIALIZED_AUTOS = YES_AGGRESSIVE;
				GCC_WARN_UNUSED_FUNCTION = YES;
				GCC_WARN_UNUSED_VARIABLE = YES;
				IPHONEOS_DEPLOYMENT_TARGET = 16.4;
				MTL_ENABLE_DEBUG_INFO = INCLUDE_SOURCE;
				MTL_FAST_MATH = YES;
				ONLY_ACTIVE_ARCH = YES;
				SDKROOT = iphoneos;
				SWIFT_ACTIVE_COMPILATION_CONDITIONS = DEBUG;
				SWIFT_OPTIMIZATION_LEVEL = "-Onone";
			};
			name = Debug;
		};
		BD860B992A2B70C700A0751C /* Release */ = {
			isa = XCBuildConfiguration;
			buildSettings = {
				ALWAYS_SEARCH_USER_PATHS = NO;
				CLANG_ANALYZER_NONNULL = YES;
				CLANG_ANALYZER_NUMBER_OBJECT_CONVERSION = YES_AGGRESSIVE;
				CLANG_CXX_LANGUAGE_STANDARD = "gnu++20";
				CLANG_ENABLE_MODULES = YES;
				CLANG_ENABLE_OBJC_ARC = YES;
				CLANG_ENABLE_OBJC_WEAK = YES;
				CLANG_WARN_BLOCK_CAPTURE_AUTORELEASING = YES;
				CLANG_WARN_BOOL_CONVERSION = YES;
				CLANG_WARN_COMMA = YES;
				CLANG_WARN_CONSTANT_CONVERSION = YES;
				CLANG_WARN_DEPRECATED_OBJC_IMPLEMENTATIONS = YES;
				CLANG_WARN_DIRECT_OBJC_ISA_USAGE = YES_ERROR;
				CLANG_WARN_DOCUMENTATION_COMMENTS = YES;
				CLANG_WARN_EMPTY_BODY = YES;
				CLANG_WARN_ENUM_CONVERSION = YES;
				CLANG_WARN_INFINITE_RECURSION = YES;
				CLANG_WARN_INT_CONVERSION = YES;
				CLANG_WARN_NON_LITERAL_NULL_CONVERSION = YES;
				CLANG_WARN_OBJC_IMPLICIT_RETAIN_SELF = YES;
				CLANG_WARN_OBJC_LITERAL_CONVERSION = YES;
				CLANG_WARN_OBJC_ROOT_CLASS = YES_ERROR;
				CLANG_WARN_QUOTED_INCLUDE_IN_FRAMEWORK_HEADER = YES;
				CLANG_WARN_RANGE_LOOP_ANALYSIS = YES;
				CLANG_WARN_STRICT_PROTOTYPES = YES;
				CLANG_WARN_SUSPICIOUS_MOVE = YES;
				CLANG_WARN_UNGUARDED_AVAILABILITY = YES_AGGRESSIVE;
				CLANG_WARN_UNREACHABLE_CODE = YES;
				CLANG_WARN__DUPLICATE_METHOD_MATCH = YES;
				COPY_PHASE_STRIP = NO;
				DEBUG_INFORMATION_FORMAT = "dwarf-with-dsym";
				ENABLE_NS_ASSERTIONS = NO;
				ENABLE_STRICT_OBJC_MSGSEND = YES;
				GCC_C_LANGUAGE_STANDARD = gnu11;
				GCC_NO_COMMON_BLOCKS = YES;
				GCC_WARN_64_TO_32_BIT_CONVERSION = YES;
				GCC_WARN_ABOUT_RETURN_TYPE = YES_ERROR;
				GCC_WARN_UNDECLARED_SELECTOR = YES;
				GCC_WARN_UNINITIALIZED_AUTOS = YES_AGGRESSIVE;
				GCC_WARN_UNUSED_FUNCTION = YES;
				GCC_WARN_UNUSED_VARIABLE = YES;
				IPHONEOS_DEPLOYMENT_TARGET = 16.4;
				MTL_ENABLE_DEBUG_INFO = NO;
				MTL_FAST_MATH = YES;
				SDKROOT = iphoneos;
				SWIFT_COMPILATION_MODE = wholemodule;
				SWIFT_OPTIMIZATION_LEVEL = "-O";
				VALIDATE_PRODUCT = YES;
			};
			name = Release;
		};
		BD860B9B2A2B70C700A0751C /* Debug */ = {
			isa = XCBuildConfiguration;
			buildSettings = {
				ASSETCATALOG_COMPILER_APPICON_NAME = AppIcon;
				ASSETCATALOG_COMPILER_GLOBAL_ACCENT_COLOR_NAME = AccentColor;
				CODE_SIGN_STYLE = Automatic;
				CURRENT_PROJECT_VERSION = 1;
				DEVELOPMENT_TEAM = 2W6JX5D446;
				GENERATE_INFOPLIST_FILE = YES;
				INFOPLIST_FILE = "Rainbow Tabs/Info.plist";
				INFOPLIST_KEY_UIApplicationSupportsIndirectInputEvents = YES;
				INFOPLIST_KEY_UILaunchStoryboardName = LaunchScreen;
				INFOPLIST_KEY_UIMainStoryboardFile = Main;
				INFOPLIST_KEY_UISupportedInterfaceOrientations_iPad = "UIInterfaceOrientationPortrait UIInterfaceOrientationPortraitUpsideDown UIInterfaceOrientationLandscapeLeft UIInterfaceOrientationLandscapeRight";
				INFOPLIST_KEY_UISupportedInterfaceOrientations_iPhone = "UIInterfaceOrientationPortrait UIInterfaceOrientationLandscapeLeft UIInterfaceOrientationLandscapeRight";
				LD_RUNPATH_SEARCH_PATHS = (
					"$(inherited)",
					"@executable_path/Frameworks",
				);
				MARKETING_VERSION = 1.0;
				PRODUCT_BUNDLE_IDENTIFIER = "jundonglee.Rainbow-Tabs";
				PRODUCT_NAME = "$(TARGET_NAME)";
				SWIFT_EMIT_LOC_STRINGS = YES;
				SWIFT_VERSION = 5.0;
				TARGETED_DEVICE_FAMILY = "1,2";
			};
			name = Debug;
		};
		BD860B9C2A2B70C700A0751C /* Release */ = {
			isa = XCBuildConfiguration;
			buildSettings = {
				ASSETCATALOG_COMPILER_APPICON_NAME = AppIcon;
				ASSETCATALOG_COMPILER_GLOBAL_ACCENT_COLOR_NAME = AccentColor;
				CODE_SIGN_STYLE = Automatic;
				CURRENT_PROJECT_VERSION = 1;
				DEVELOPMENT_TEAM = 2W6JX5D446;
				GENERATE_INFOPLIST_FILE = YES;
				INFOPLIST_FILE = "Rainbow Tabs/Info.plist";
				INFOPLIST_KEY_UIApplicationSupportsIndirectInputEvents = YES;
				INFOPLIST_KEY_UILaunchStoryboardName = LaunchScreen;
				INFOPLIST_KEY_UIMainStoryboardFile = Main;
				INFOPLIST_KEY_UISupportedInterfaceOrientations_iPad = "UIInterfaceOrientationPortrait UIInterfaceOrientationPortraitUpsideDown UIInterfaceOrientationLandscapeLeft UIInterfaceOrientationLandscapeRight";
				INFOPLIST_KEY_UISupportedInterfaceOrientations_iPhone = "UIInterfaceOrientationPortrait UIInterfaceOrientationLandscapeLeft UIInterfaceOrientationLandscapeRight";
				LD_RUNPATH_SEARCH_PATHS = (
					"$(inherited)",
					"@executable_path/Frameworks",
				);
				MARKETING_VERSION = 1.0;
				PRODUCT_BUNDLE_IDENTIFIER = "jundonglee.Rainbow-Tabs";
				PRODUCT_NAME = "$(TARGET_NAME)";
				SWIFT_EMIT_LOC_STRINGS = YES;
				SWIFT_VERSION = 5.0;
				TARGETED_DEVICE_FAMILY = "1,2";
			};
			name = Release;
		};
/* End XCBuildConfiguration section */

/* Begin XCConfigurationList section */
		BD860B7E2A2B70C600A0751C /* Build configuration list for PBXProject "Rainbow Tabs" */ = {
			isa = XCConfigurationList;
			buildConfigurations = (
				BD860B982A2B70C700A0751C /* Debug */,
				BD860B992A2B70C700A0751C /* Release */,
			);
			defaultConfigurationIsVisible = 0;
			defaultConfigurationName = Release;
		};
		BD860B9A2A2B70C700A0751C /* Build configuration list for PBXNativeTarget "Rainbow Tabs" */ = {
			isa = XCConfigurationList;
			buildConfigurations = (
				BD860B9B2A2B70C700A0751C /* Debug */,
				BD860B9C2A2B70C700A0751C /* Release */,
			);
			defaultConfigurationIsVisible = 0;
			defaultConfigurationName = Release;
		};
/* End XCConfigurationList section */

/* Begin XCVersionGroup section */
		BD860B8F2A2B70C600A0751C /* Rainbow_Tabs.xcdatamodeld */ = {
			isa = XCVersionGroup;
			children = (
				BD860B902A2B70C600A0751C /* Rainbow_Tabs.xcdatamodel */,
			);
			currentVersion = BD860B902A2B70C600A0751C /* Rainbow_Tabs.xcdatamodel */;
			path = Rainbow_Tabs.xcdatamodeld;
			sourceTree = "<group>";
			versionGroupType = wrapper.xcdatamodel;
		};
/* End XCVersionGroup section */
	};
	rootObject = BD860B7B2A2B70C600A0751C /* Project object */;
}
